
Microsoft Visual Studio Solution File, Format Version 12.00
# Visual Studio Version 17
VisualStudioVersion = 17.0.31903.59
MinimumVisualStudioVersion = 10.0.40219.1
Project("{2150E333-8FDC-42A3-9474-1A3956D46DE8}") = "services", "services", "{E7244F31-7A20-475E-9269-6F3BE4E8FE3D}"
EndProject
Project("{2150E333-8FDC-42A3-9474-1A3956D46DE8}") = "shared", "shared", "{D7535650-D4B6-45B0-BD9D-7E0813A325D4}"
EndProject
Project("{FAE04EC0-301F-11D3-BF4B-00C04F79EFBC}") = "WorkshopOS.Domain", "services\shared\WorkshopOS.Domain\WorkshopOS.Domain.csproj", "{0A9FC5BB-2B22-4479-9E8C-3411B66F77DD}"
EndProject
Project("{FAE04EC0-301F-11D3-BF4B-00C04F79EFBC}") = "WorkshopOS.Application", "services\shared\WorkshopOS.Application\WorkshopOS.Application.csproj", "{D7DAB91B-58F9-4948-983A-14892071AE32}"
EndProject
Project("{FAE04EC0-301F-11D3-BF4B-00C04F79EFBC}") = "WorkshopOS.Infrastructure", "services\shared\WorkshopOS.Infrastructure\WorkshopOS.Infrastructure.csproj", "{C353765E-8CD2-494B-935E-E8F04C365EB8}"
EndProject
Project("{FAE04EC0-301F-11D3-BF4B-00C04F79EFBC}") = "WorkshopOS.Contracts", "services\shared\WorkshopOS.Contracts\WorkshopOS.Contracts.csproj", "{0FC89853-C91F-4638-BD29-BA19250ED77E}"
EndProject
Project("{2150E333-8FDC-42A3-9474-1A3956D46DE8}") = "api", "api", "{77B89A17-0437-4676-9E75-C258460A0894}"
EndProject
Project("{FAE04EC0-301F-11D3-BF4B-00C04F79EFBC}") = "WorkshopOS.Api", "services\api\WorkshopOS.Api\WorkshopOS.Api.csproj", "{85174E39-B327-42DA-B37F-3F3FE2C131AF}"
EndProject
Project("{2150E333-8FDC-42A3-9474-1A3956D46DE8}") = "worker", "worker", "{53F9E835-BC1F-4384-920C-D56EF8FB8818}"
EndProject
Project("{FAE04EC0-301F-11D3-BF4B-00C04F79EFBC}") = "WorkshopOS.Worker", "services\worker\WorkshopOS.Worker\WorkshopOS.Worker.csproj", "{80DEE922-2A88-459B-B2FB-B004B4DC5C7B}"
EndProject
Project("{2150E333-8FDC-42A3-9474-1A3956D46DE8}") = "tests", "tests", "{9389C5F6-4F9E-4931-8019-A034288D6B72}"
EndProject
Project("{FAE04EC0-301F-11D3-BF4B-00C04F79EFBC}") = "WorkshopOS.Api.Tests", "tests\WorkshopOS.Api.Tests\WorkshopOS.Api.Tests.csproj", "{4EAD19AF-D9DD-4443-979C-0BE0CAA99962}"
EndProject
Global
	GlobalSection(SolutionConfigurationPlatforms) = preSolution
		Debug|Any CPU = Debug|Any CPU
		Release|Any CPU = Release|Any CPU
	EndGlobalSection
	GlobalSection(SolutionProperties) = preSolution
		HideSolutionNode = FALSE
	EndGlobalSection
	GlobalSection(ProjectConfigurationPlatforms) = postSolution
		{0A9FC5BB-2B22-4479-9E8C-3411B66F77DD}.Debug|Any CPU.ActiveCfg = Debug|Any CPU
		{0A9FC5BB-2B22-4479-9E8C-3411B66F77DD}.Debug|Any CPU.Build.0 = Debug|Any CPU
		{0A9FC5BB-2B22-4479-9E8C-3411B66F77DD}.Release|Any CPU.ActiveCfg = Release|Any CPU
		{0A9FC5BB-2B22-4479-9E8C-3411B66F77DD}.Release|Any CPU.Build.0 = Release|Any CPU
		{D7DAB91B-58F9-4948-983A-14892071AE32}.Debug|Any CPU.ActiveCfg = Debug|Any CPU
		{D7DAB91B-58F9-4948-983A-14892071AE32}.Debug|Any CPU.Build.0 = Debug|Any CPU
		{D7DAB91B-58F9-4948-983A-14892071AE32}.Release|Any CPU.ActiveCfg = Release|Any CPU
		{D7DAB91B-58F9-4948-983A-14892071AE32}.Release|Any CPU.Build.0 = Release|Any CPU
		{C353765E-8CD2-494B-935E-E8F04C365EB8}.Debug|Any CPU.ActiveCfg = Debug|Any CPU
		{C353765E-8CD2-494B-935E-E8F04C365EB8}.Debug|Any CPU.Build.0 = Debug|Any CPU
		{C353765E-8CD2-494B-935E-E8F04C365EB8}.Release|Any CPU.ActiveCfg = Release|Any CPU
		{C353765E-8CD2-494B-935E-E8F04C365EB8}.Release|Any CPU.Build.0 = Release|Any CPU
		{0FC89853-C91F-4638-BD29-BA19250ED77E}.Debug|Any CPU.ActiveCfg = Debug|Any CPU
		{0FC89853-C91F-4638-BD29-BA19250ED77E}.Debug|Any CPU.Build.0 = Debug|Any CPU
		{0FC89853-C91F-4638-BD29-BA19250ED77E}.Release|Any CPU.ActiveCfg = Release|Any CPU
		{0FC89853-C91F-4638-BD29-BA19250ED77E}.Release|Any CPU.Build.0 = Release|Any CPU
		{85174E39-B327-42DA-B37F-3F3FE2C131AF}.Debug|Any CPU.ActiveCfg = Debug|Any CPU
		{85174E39-B327-42DA-B37F-3F3FE2C131AF}.Debug|Any CPU.Build.0 = Debug|Any CPU
		{85174E39-B327-42DA-B37F-3F3FE2C131AF}.Release|Any CPU.ActiveCfg = Release|Any CPU
		{85174E39-B327-42DA-B37F-3F3FE2C131AF}.Release|Any CPU.Build.0 = Release|Any CPU
		{80DEE922-2A88-459B-B2FB-B004B4DC5C7B}.Debug|Any CPU.ActiveCfg = Debug|Any CPU
		{80DEE922-2A88-459B-B2FB-B004B4DC5C7B}.Debug|Any CPU.Build.0 = Debug|Any CPU
		{80DEE922-2A88-459B-B2FB-B004B4DC5C7B}.Release|Any CPU.ActiveCfg = Release|Any CPU
		{80DEE922-2A88-459B-B2FB-B004B4DC5C7B}.Release|Any CPU.Build.0 = Release|Any CPU
		{4EAD19AF-D9DD-4443-979C-0BE0CAA99962}.Debug|Any CPU.ActiveCfg = Debug|Any CPU
		{4EAD19AF-D9DD-4443-979C-0BE0CAA99962}.Debug|Any CPU.Build.0 = Debug|Any CPU
		{4EAD19AF-D9DD-4443-979C-0BE0CAA99962}.Release|Any CPU.ActiveCfg = Release|Any CPU
		{4EAD19AF-D9DD-4443-979C-0BE0CAA99962}.Release|Any CPU.Build.0 = Release|Any CPU
	EndGlobalSection
	GlobalSection(NestedProjects) = preSolution
		{D7535650-D4B6-45B0-BD9D-7E0813A325D4} = {E7244F31-7A20-475E-9269-6F3BE4E8FE3D}
		{0A9FC5BB-2B22-4479-9E8C-3411B66F77DD} = {D7535650-D4B6-45B0-BD9D-7E0813A325D4}
		{D7DAB91B-58F9-4948-983A-14892071AE32} = {D7535650-D4B6-45B0-BD9D-7E0813A325D4}
		{C353765E-8CD2-494B-935E-E8F04C365EB8} = {D7535650-D4B6-45B0-BD9D-7E0813A325D4}
		{0FC89853-C91F-4638-BD29-BA19250ED77E} = {D7535650-D4B6-45B0-BD9D-7E0813A325D4}
		{77B89A17-0437-4676-9E75-C258460A0894} = {E7244F31-7A20-475E-9269-6F3BE4E8FE3D}
		{85174E39-B327-42DA-B37F-3F3FE2C131AF} = {77B89A17-0437-4676-9E75-C258460A0894}
		{53F9E835-BC1F-4384-920C-D56EF8FB8818} = {E7244F31-7A20-475E-9269-6F3BE4E8FE3D}
		{80DEE922-2A88-459B-B2FB-B004B4DC5C7B} = {53F9E835-BC1F-4384-920C-D56EF8FB8818}
		{4EAD19AF-D9DD-4443-979C-0BE0CAA99962} = {9389C5F6-4F9E-4931-8019-A034288D6B72}
	EndGlobalSection
EndGlobal
